
Microsoft Visual Studio Solution File, Format Version 12.00
# Visual Studio Version 17
VisualStudioVersion = 17.1.32328.378
MinimumVisualStudioVersion = 10.0.40219.1
Project("{9A19103F-16F7-4668-BE54-9A1E7A4F7556}") = "ShareKernel", "ShareKernel\ShareKernel.csproj", "{8B22A898-CA67-4661-B09F-85D85E663B98}"
EndProject
Project("{FAE04EC0-301F-11D3-BF4B-00C04F79EFBC}") = "Reservas.Domain", "Reservas.Domain\Reservas.Domain.csproj", "{CBB60114-E775-42AF-BD79-46ABE9D75F33}"
EndProject
Project("{FAE04EC0-301F-11D3-BF4B-00C04F79EFBC}") = "Reservas.Infraestructura", "Reservas.Infraestructura\Reservas.Infraestructura.csproj", "{F72D295B-3F26-4CC4-B2E0-62E0BFB7387A}"
EndProject
Project("{FAE04EC0-301F-11D3-BF4B-00C04F79EFBC}") = "Reservas.Aplicacion", "Reservas.Aplicacion\Reservas.Aplicacion.csproj", "{F44976CC-7076-4BD1-B0D9-02A948B7AB24}"
EndProject
Project("{FAE04EC0-301F-11D3-BF4B-00C04F79EFBC}") = "Reserva.WebApi", "Reserva.WebApi\Reserva.WebApi.csproj", "{4E19C5D8-E467-4D6C-A80F-2DC7A4017EDA}"
EndProject
Global
	GlobalSection(SolutionConfigurationPlatforms) = preSolution
		Debug|Any CPU = Debug|Any CPU
		Release|Any CPU = Release|Any CPU
	EndGlobalSection
	GlobalSection(ProjectConfigurationPlatforms) = postSolution
		{8B22A898-CA67-4661-B09F-85D85E663B98}.Debug|Any CPU.ActiveCfg = Debug|Any CPU
		{8B22A898-CA67-4661-B09F-85D85E663B98}.Debug|Any CPU.Build.0 = Debug|Any CPU
		{8B22A898-CA67-4661-B09F-85D85E663B98}.Release|Any CPU.ActiveCfg = Release|Any CPU
		{8B22A898-CA67-4661-B09F-85D85E663B98}.Release|Any CPU.Build.0 = Release|Any CPU
		{CBB60114-E775-42AF-BD79-46ABE9D75F33}.Debug|Any CPU.ActiveCfg = Debug|Any CPU
		{CBB60114-E775-42AF-BD79-46ABE9D75F33}.Debug|Any CPU.Build.0 = Debug|Any CPU
		{CBB60114-E775-42AF-BD79-46ABE9D75F33}.Release|Any CPU.ActiveCfg = Release|Any CPU
		{CBB60114-E775-42AF-BD79-46ABE9D75F33}.Release|Any CPU.Build.0 = Release|Any CPU
		{F72D295B-3F26-4CC4-B2E0-62E0BFB7387A}.Debug|Any CPU.ActiveCfg = Debug|Any CPU
		{F72D295B-3F26-4CC4-B2E0-62E0BFB7387A}.Debug|Any CPU.Build.0 = Debug|Any CPU
		{F72D295B-3F26-4CC4-B2E0-62E0BFB7387A}.Release|Any CPU.ActiveCfg = Release|Any CPU
		{F72D295B-3F26-4CC4-B2E0-62E0BFB7387A}.Release|Any CPU.Build.0 = Release|Any CPU
		{F44976CC-7076-4BD1-B0D9-02A948B7AB24}.Debug|Any CPU.ActiveCfg = Debug|Any CPU
		{F44976CC-7076-4BD1-B0D9-02A948B7AB24}.Debug|Any CPU.Build.0 = Debug|Any CPU
		{F44976CC-7076-4BD1-B0D9-02A948B7AB24}.Release|Any CPU.ActiveCfg = Release|Any CPU
		{F44976CC-7076-4BD1-B0D9-02A948B7AB24}.Release|Any CPU.Build.0 = Release|Any CPU
		{4E19C5D8-E467-4D6C-A80F-2DC7A4017EDA}.Debug|Any CPU.ActiveCfg = Debug|Any CPU
		{4E19C5D8-E467-4D6C-A80F-2DC7A4017EDA}.Debug|Any CPU.Build.0 = Debug|Any CPU
		{4E19C5D8-E467-4D6C-A80F-2DC7A4017EDA}.Release|Any CPU.ActiveCfg = Release|Any CPU
		{4E19C5D8-E467-4D6C-A80F-2DC7A4017EDA}.Release|Any CPU.Build.0 = Release|Any CPU
	EndGlobalSection
	GlobalSection(SolutionProperties) = preSolution
		HideSolutionNode = FALSE
	EndGlobalSection
	GlobalSection(ExtensibilityGlobals) = postSolution
		SolutionGuid = {1397D0EF-BE2A-4EB8-9316-223100F8F81B}
	EndGlobalSection
EndGlobal
